
Microsoft Visual Studio Solution File, Format Version 12.00
# Visual Studio 2012
Project("{F184B08F-C81C-45F6-A57F-5ABD9991F28F}") = "Medical Lecture Downloader", "Medical Lecture Downloader\Medical Lecture Downloader.vbproj", "{D7751FE9-7711-4A10-855F-B99258294D22}"
EndProject
Global
	GlobalSection(SolutionConfigurationPlatforms) = preSolution
		Debug|Any CPU = Debug|Any CPU
		Release|Any CPU = Release|Any CPU
	EndGlobalSection
	GlobalSection(ProjectConfigurationPlatforms) = postSolution
		{D7751FE9-7711-4A10-855F-B99258294D22}.Debug|Any CPU.ActiveCfg = Debug|Any CPU
		{D7751FE9-7711-4A10-855F-B99258294D22}.Debug|Any CPU.Build.0 = Debug|Any CPU
		{D7751FE9-7711-4A10-855F-B99258294D22}.Release|Any CPU.ActiveCfg = Release|Any CPU
		{D7751FE9-7711-4A10-855F-B99258294D22}.Release|Any CPU.Build.0 = Release|Any CPU
	EndGlobalSection
	GlobalSection(SolutionProperties) = preSolution
		HideSolutionNode = FALSE
	EndGlobalSection
EndGlobal
